// !$*UTF8*$!
{
	archiveVersion = 1;
	classes = {
	};
	objectVersion = 55;
	objects = {

/* Begin PBXBuildFile section */
		7CA011522AA5EC8300FDC2EA /* main.swift in Sources */ = {isa = PBXBuildFile; fileRef = 7CA011512AA5EC8300FDC2EA /* main.swift */; };
		7CA011592AA5EE6000FDC2EA /* TaskOne.swift in Sources */ = {isa = PBXBuildFile; fileRef = 7CA011582AA5EE6000FDC2EA /* TaskOne.swift */; };
		7CA0115B2AA6188700FDC2EA /* TaskTwo.swift in Sources */ = {isa = PBXBuildFile; fileRef = 7CA0115A2AA6188700FDC2EA /* TaskTwo.swift */; };
		7CA0115D2AA61A9600FDC2EA /* TaskThree.swift in Sources */ = {isa = PBXBuildFile; fileRef = 7CA0115C2AA61A9600FDC2EA /* TaskThree.swift */; };
/* End PBXBuildFile section */

/* Begin PBXCopyFilesBuildPhase section */
		7CA0114C2AA5EC8300FDC2EA /* CopyFiles */ = {
			isa = PBXCopyFilesBuildPhase;
			buildActionMask = 2147483647;
			dstPath = /usr/share/man/man1/;
			dstSubfolderSpec = 0;
			files = (
			);
			runOnlyForDeploymentPostprocessing = 1;
		};
/* End PBXCopyFilesBuildPhase section */

/* Begin PBXFileReference section */
		7CA0114E2AA5EC8300FDC2EA /* TenTaskSeptember04 */ = {isa = PBXFileReference; explicitFileType = "compiled.mach-o.executable"; includeInIndex = 0; path = TenTaskSeptember04; sourceTree = BUILT_PRODUCTS_DIR; };
		7CA011512AA5EC8300FDC2EA /* main.swift */ = {isa = PBXFileReference; lastKnownFileType = sourcecode.swift; path = main.swift; sourceTree = "<group>"; };
		7CA011582AA5EE6000FDC2EA /* TaskOne.swift */ = {isa = PBXFileReference; lastKnownFileType = sourcecode.swift; path = TaskOne.swift; sourceTree = "<group>"; };
		7CA0115A2AA6188700FDC2EA /* TaskTwo.swift */ = {isa = PBXFileReference; lastKnownFileType = sourcecode.swift; path = TaskTwo.swift; sourceTree = "<group>"; };
		7CA0115C2AA61A9600FDC2EA /* TaskThree.swift */ = {isa = PBXFileReference; lastKnownFileType = sourcecode.swift; path = TaskThree.swift; sourceTree = "<group>"; };
/* End PBXFileReference section */

/* Begin PBXFrameworksBuildPhase section */
		7CA0114B2AA5EC8300FDC2EA /* Frameworks */ = {
			isa = PBXFrameworksBuildPhase;
			buildActionMask = 2147483647;
			files = (
			);
			runOnlyForDeploymentPostprocessing = 0;
		};
/* End PBXFrameworksBuildPhase section */

/* Begin PBXGroup section */
		7CA011452AA5EC8300FDC2EA = {
			isa = PBXGroup;
			children = (
				7CA011502AA5EC8300FDC2EA /* TenTaskSeptember04 */,
				7CA0114F2AA5EC8300FDC2EA /* Products */,
			);
			sourceTree = "<group>";
		};
		7CA0114F2AA5EC8300FDC2EA /* Products */ = {
			isa = PBXGroup;
			children = (
				7CA0114E2AA5EC8300FDC2EA /* TenTaskSeptember04 */,
			);
			name = Products;
			sourceTree = "<group>";
		};
		7CA011502AA5EC8300FDC2EA /* TenTaskSeptember04 */ = {
			isa = PBXGroup;
			children = (
				7CA011512AA5EC8300FDC2EA /* main.swift */,
				7CA011582AA5EE6000FDC2EA /* TaskOne.swift */,
				7CA0115A2AA6188700FDC2EA /* TaskTwo.swift */,
				7CA0115C2AA61A9600FDC2EA /* TaskThree.swift */,
			);
			path = TenTaskSeptember04;
			sourceTree = "<group>";
		};
/* End PBXGroup section */

/* Begin PBXNativeTarget section */
		7CA0114D2AA5EC8300FDC2EA /* TenTaskSeptember04 */ = {
			isa = PBXNativeTarget;
			buildConfigurationList = 7CA011552AA5EC8300FDC2EA /* Build configuration list for PBXNativeTarget "TenTaskSeptember04" */;
			buildPhases = (
				7CA0114A2AA5EC8300FDC2EA /* Sources */,
				7CA0114B2AA5EC8300FDC2EA /* Frameworks */,
				7CA0114C2AA5EC8300FDC2EA /* CopyFiles */,
			);
			buildRules = (
			);
			dependencies = (
			);
			name = TenTaskSeptember04;
			productName = TenTaskSeptember04;
			productReference = 7CA0114E2AA5EC8300FDC2EA /* TenTaskSeptember04 */;
			productType = "com.apple.product-type.tool";
		};
/* End PBXNativeTarget section */

/* Begin PBXProject section */
		7CA011462AA5EC8300FDC2EA /* Project object */ = {
			isa = PBXProject;
			attributes = {
				BuildIndependentTargetsInParallel = 1;
				LastSwiftUpdateCheck = 1320;
				LastUpgradeCheck = 1320;
				TargetAttributes = {
					7CA0114D2AA5EC8300FDC2EA = {
						CreatedOnToolsVersion = 13.2;
					};
				};
			};
			buildConfigurationList = 7CA011492AA5EC8300FDC2EA /* Build configuration list for PBXProject "TenTaskSeptember04" */;
			compatibilityVersion = "Xcode 13.0";
			developmentRegion = en;
			hasScannedForEncodings = 0;
			knownRegions = (
				en,
				Base,
			);
			mainGroup = 7CA011452AA5EC8300FDC2EA;
			productRefGroup = 7CA0114F2AA5EC8300FDC2EA /* Products */;
			projectDirPath = "";
			projectRoot = "";
			targets = (
				7CA0114D2AA5EC8300FDC2EA /* TenTaskSeptember04 */,
			);
		};
/* End PBXProject section */

/* Begin PBXSourcesBuildPhase section */
		7CA0114A2AA5EC8300FDC2EA /* Sources */ = {
			isa = PBXSourcesBuildPhase;
			buildActionMask = 2147483647;
			files = (
				7CA011522AA5EC8300FDC2EA /* main.swift in Sources */,
				7CA0115D2AA61A9600FDC2EA /* TaskThree.swift in Sources */,
				7CA0115B2AA6188700FDC2EA /* TaskTwo.swift in Sources */,
				7CA011592AA5EE6000FDC2EA /* TaskOne.swift in Sources */,
			);
			runOnlyForDeploymentPostprocessing = 0;
		};
/* End PBXSourcesBuildPhase section */

/* Begin XCBuildConfiguration section */
		7CA011532AA5EC8300FDC2EA /* Debug */ = {
			isa = XCBuildConfiguration;
			buildSettings = {
				ALWAYS_SEARCH_USER_PATHS = NO;
				CLANG_ANALYZER_NONNULL = YES;
				CLANG_ANALYZER_NUMBER_OBJECT_CONVERSION = YES_AGGRESSIVE;
				CLANG_CXX_LANGUAGE_STANDARD = "gnu++17";
				CLANG_CXX_LIBRARY = "libc++";
				CLANG_ENABLE_MODULES = YES;
				CLANG_ENABLE_OBJC_ARC = YES;
				CLANG_ENABLE_OBJC_WEAK = YES;
				CLANG_WARN_BLOCK_CAPTURE_AUTORELEASING = YES;
				CLANG_WARN_BOOL_CONVERSION = YES;
				CLANG_WARN_COMMA = YES;
				CLANG_WARN_CONSTANT_CONVERSION = YES;
				CLANG_WARN_DEPRECATED_OBJC_IMPLEMENTATIONS = YES;
				CLANG_WARN_DIRECT_OBJC_ISA_USAGE = YES_ERROR;
				CLANG_WARN_DOCUMENTATION_COMMENTS = YES;
				CLANG_WARN_EMPTY_BODY = YES;
				CLANG_WARN_ENUM_CONVERSION = YES;
				CLANG_WARN_INFINITE_RECURSION = YES;
				CLANG_WARN_INT_CONVERSION = YES;
				CLANG_WARN_NON_LITERAL_NULL_CONVERSION = YES;
				CLANG_WARN_OBJC_IMPLICIT_RETAIN_SELF = YES;
				CLANG_WARN_OBJC_LITERAL_CONVERSION = YES;
				CLANG_WARN_OBJC_ROOT_CLASS = YES_ERROR;
				CLANG_WARN_QUOTED_INCLUDE_IN_FRAMEWORK_HEADER = YES;
				CLANG_WARN_RANGE_LOOP_ANALYSIS = YES;
				CLANG_WARN_STRICT_PROTOTYPES = YES;
				CLANG_WARN_SUSPICIOUS_MOVE = YES;
				CLANG_WARN_UNGUARDED_AVAILABILITY = YES_AGGRESSIVE;
				CLANG_WARN_UNREACHABLE_CODE = YES;
				CLANG_WARN__DUPLICATE_METHOD_MATCH = YES;
				COPY_PHASE_STRIP = NO;
				DEBUG_INFORMATION_FORMAT = dwarf;
				ENABLE_STRICT_OBJC_MSGSEND = YES;
				ENABLE_TESTABILITY = YES;
				GCC_C_LANGUAGE_STANDARD = gnu11;
				GCC_DYNAMIC_NO_PIC = NO;
				GCC_NO_COMMON_BLOCKS = YES;
				GCC_OPTIMIZATION_LEVEL = 0;
				GCC_PREPROCESSOR_DEFINITIONS = (
					"DEBUG=1",
					"$(inherited)",
				);
				GCC_WARN_64_TO_32_BIT_CONVERSION = YES;
				GCC_WARN_ABOUT_RETURN_TYPE = YES_ERROR;
				GCC_WARN_UNDECLARED_SELECTOR = YES;
				GCC_WARN_UNINITIALIZED_AUTOS = YES_AGGRESSIVE;
				GCC_WARN_UNUSED_FUNCTION = YES;
				GCC_WARN_UNUSED_VARIABLE = YES;
				MACOSX_DEPLOYMENT_TARGET = 11.7;
				MTL_ENABLE_DEBUG_INFO = INCLUDE_SOURCE;
				MTL_FAST_MATH = YES;
				ONLY_ACTIVE_ARCH = YES;
				SDKROOT = macosx;
				SWIFT_ACTIVE_COMPILATION_CONDITIONS = DEBUG;
				SWIFT_OPTIMIZATION_LEVEL = "-Onone";
			};
			name = Debug;
		};
		7CA011542AA5EC8300FDC2EA /* Release */ = {
			isa = XCBuildConfiguration;
			buildSettings = {
				ALWAYS_SEARCH_USER_PATHS = NO;
				CLANG_ANALYZER_NONNULL = YES;
				CLANG_ANALYZER_NUMBER_OBJECT_CONVERSION = YES_AGGRESSIVE;
				CLANG_CXX_LANGUAGE_STANDARD = "gnu++17";
				CLANG_CXX_LIBRARY = "libc++";
				CLANG_ENABLE_MODULES = YES;
				CLANG_ENABLE_OBJC_ARC = YES;
				CLANG_ENABLE_OBJC_WEAK = YES;
				CLANG_WARN_BLOCK_CAPTURE_AUTORELEASING = YES;
				CLANG_WARN_BOOL_CONVERSION = YES;
				CLANG_WARN_COMMA = YES;
				CLANG_WARN_CONSTANT_CONVERSION = YES;
				CLANG_WARN_DEPRECATED_OBJC_IMPLEMENTATIONS = YES;
				CLANG_WARN_DIRECT_OBJC_ISA_USAGE = YES_ERROR;
				CLANG_WARN_DOCUMENTATION_COMMENTS = YES;
				CLANG_WARN_EMPTY_BODY = YES;
				CLANG_WARN_ENUM_CONVERSION = YES;
				CLANG_WARN_INFINITE_RECURSION = YES;
				CLANG_WARN_INT_CONVERSION = YES;
				CLANG_WARN_NON_LITERAL_NULL_CONVERSION = YES;
				CLANG_WARN_OBJC_IMPLICIT_RETAIN_SELF = YES;
				CLANG_WARN_OBJC_LITERAL_CONVERSION = YES;
				CLANG_WARN_OBJC_ROOT_CLASS = YES_ERROR;
				CLANG_WARN_QUOTED_INCLUDE_IN_FRAMEWORK_HEADER = YES;
				CLANG_WARN_RANGE_LOOP_ANALYSIS = YES;
				CLANG_WARN_STRICT_PROTOTYPES = YES;
				CLANG_WARN_SUSPICIOUS_MOVE = YES;
				CLANG_WARN_UNGUARDED_AVAILABILITY = YES_AGGRESSIVE;
				CLANG_WARN_UNREACHABLE_CODE = YES;
				CLANG_WARN__DUPLICATE_METHOD_MATCH = YES;
				COPY_PHASE_STRIP = NO;
				DEBUG_INFORMATION_FORMAT = "dwarf-with-dsym";
				ENABLE_NS_ASSERTIONS = NO;
				ENABLE_STRICT_OBJC_MSGSEND = YES;
				GCC_C_LANGUAGE_STANDARD = gnu11;
				GCC_NO_COMMON_BLOCKS = YES;
				GCC_WARN_64_TO_32_BIT_CONVERSION = YES;
				GCC_WARN_ABOUT_RETURN_TYPE = YES_ERROR;
				GCC_WARN_UNDECLARED_SELECTOR = YES;
				GCC_WARN_UNINITIALIZED_AUTOS = YES_AGGRESSIVE;
				GCC_WARN_UNUSED_FUNCTION = YES;
				GCC_WARN_UNUSED_VARIABLE = YES;
				MACOSX_DEPLOYMENT_TARGET = 11.7;
				MTL_ENABLE_DEBUG_INFO = NO;
				MTL_FAST_MATH = YES;
				SDKROOT = macosx;
				SWIFT_COMPILATION_MODE = wholemodule;
				SWIFT_OPTIMIZATION_LEVEL = "-O";
			};
			name = Release;
		};
		7CA011562AA5EC8300FDC2EA /* Debug */ = {
			isa = XCBuildConfiguration;
			buildSettings = {
				CODE_SIGN_STYLE = Automatic;
				DEVELOPMENT_TEAM = C6G3QGCBCM;
				ENABLE_HARDENED_RUNTIME = YES;
				PRODUCT_NAME = "$(TARGET_NAME)";
				SWIFT_VERSION = 5.0;
			};
			name = Debug;
		};
		7CA011572AA5EC8300FDC2EA /* Release */ = {
			isa = XCBuildConfiguration;
			buildSettings = {
				CODE_SIGN_STYLE = Automatic;
				DEVELOPMENT_TEAM = C6G3QGCBCM;
				ENABLE_HARDENED_RUNTIME = YES;
				PRODUCT_NAME = "$(TARGET_NAME)";
				SWIFT_VERSION = 5.0;
			};
			name = Release;
		};
/* End XCBuildConfiguration section */

/* Begin XCConfigurationList section */
		7CA011492AA5EC8300FDC2EA /* Build configuration list for PBXProject "TenTaskSeptember04" */ = {
			isa = XCConfigurationList;
			buildConfigurations = (
				7CA011532AA5EC8300FDC2EA /* Debug */,
				7CA011542AA5EC8300FDC2EA /* Release */,
			);
			defaultConfigurationIsVisible = 0;
			defaultConfigurationName = Release;
		};
		7CA011552AA5EC8300FDC2EA /* Build configuration list for PBXNativeTarget "TenTaskSeptember04" */ = {
			isa = XCConfigurationList;
			buildConfigurations = (
				7CA011562AA5EC8300FDC2EA /* Debug */,
				7CA011572AA5EC8300FDC2EA /* Release */,
			);
			defaultConfigurationIsVisible = 0;
			defaultConfigurationName = Release;
		};
/* End XCConfigurationList section */
	};
	rootObject = 7CA011462AA5EC8300FDC2EA /* Project object */;
}
